// !$*UTF8*$!
{
	archiveVersion = 1;
	classes = {
	};
	objectVersion = 46;
	objects = {

/* Begin PBXBuildFile section */
		46E5C00F1CF9A796002A7887 /* main.m in Sources */ = {isa = PBXBuildFile; fileRef = 46E5C00E1CF9A796002A7887 /* main.m */; };
		46E5C0121CF9A796002A7887 /* AppDelegate.m in Sources */ = {isa = PBXBuildFile; fileRef = 46E5C0111CF9A796002A7887 /* AppDelegate.m */; };
		46E5C01A1CF9A796002A7887 /* Assets.xcassets in Resources */ = {isa = PBXBuildFile; fileRef = 46E5C0191CF9A796002A7887 /* Assets.xcassets */; };
		46E5C01D1CF9A796002A7887 /* LaunchScreen.storyboard in Resources */ = {isa = PBXBuildFile; fileRef = 46E5C01B1CF9A796002A7887 /* LaunchScreen.storyboard */; };
		46E5C06E1CF9A7AD002A7887 /* ChatData.xcdatamodeld in Sources */ = {isa = PBXBuildFile; fileRef = 46E5C0251CF9A7AD002A7887 /* ChatData.xcdatamodeld */; };
		46E5C06F1CF9A7AD002A7887 /* ChatRoomViewController.m in Sources */ = {isa = PBXBuildFile; fileRef = 46E5C0281CF9A7AD002A7887 /* ChatRoomViewController.m */; };
		46E5C0711CF9A7AD002A7887 /* IOMessage+CoreDataProperties.m in Sources */ = {isa = PBXBuildFile; fileRef = 46E5C02D1CF9A7AD002A7887 /* IOMessage+CoreDataProperties.m */; };
		46E5C0721CF9A7AD002A7887 /* IOMessage.m in Sources */ = {isa = PBXBuildFile; fileRef = 46E5C02F1CF9A7AD002A7887 /* IOMessage.m */; };
		46E5C0731CF9A7AD002A7887 /* DataManager.m in Sources */ = {isa = PBXBuildFile; fileRef = 46E5C0311CF9A7AD002A7887 /* DataManager.m */; };
		46E5C08F1CF9A7AD002A7887 /* Utils.m in Sources */ = {isa = PBXBuildFile; fileRef = 46E5C0571CF9A7AD002A7887 /* Utils.m */; };
		46E5C0901CF9A7AD002A7887 /* SocketAckEmitter.swift in Sources */ = {isa = PBXBuildFile; fileRef = 46E5C0591CF9A7AD002A7887 /* SocketAckEmitter.swift */; };
		46E5C0911CF9A7AD002A7887 /* SocketAckManager.swift in Sources */ = {isa = PBXBuildFile; fileRef = 46E5C05A1CF9A7AD002A7887 /* SocketAckManager.swift */; };
		46E5C0921CF9A7AD002A7887 /* SocketAnyEvent.swift in Sources */ = {isa = PBXBuildFile; fileRef = 46E5C05B1CF9A7AD002A7887 /* SocketAnyEvent.swift */; };
		46E5C0931CF9A7AD002A7887 /* SocketClientSpec.swift in Sources */ = {isa = PBXBuildFile; fileRef = 46E5C05C1CF9A7AD002A7887 /* SocketClientSpec.swift */; };
		46E5C0941CF9A7AD002A7887 /* SocketEngine.swift in Sources */ = {isa = PBXBuildFile; fileRef = 46E5C05D1CF9A7AD002A7887 /* SocketEngine.swift */; };
		46E5C0951CF9A7AD002A7887 /* SocketEngineClient.swift in Sources */ = {isa = PBXBuildFile; fileRef = 46E5C05E1CF9A7AD002A7887 /* SocketEngineClient.swift */; };
		46E5C0961CF9A7AD002A7887 /* SocketEnginePacketType.swift in Sources */ = {isa = PBXBuildFile; fileRef = 46E5C05F1CF9A7AD002A7887 /* SocketEnginePacketType.swift */; };
		46E5C0971CF9A7AD002A7887 /* SocketEnginePollable.swift in Sources */ = {isa = PBXBuildFile; fileRef = 46E5C0601CF9A7AD002A7887 /* SocketEnginePollable.swift */; };
		46E5C0981CF9A7AD002A7887 /* SocketEngineSpec.swift in Sources */ = {isa = PBXBuildFile; fileRef = 46E5C0611CF9A7AD002A7887 /* SocketEngineSpec.swift */; };
		46E5C0991CF9A7AD002A7887 /* SocketEngineWebsocket.swift in Sources */ = {isa = PBXBuildFile; fileRef = 46E5C0621CF9A7AD002A7887 /* SocketEngineWebsocket.swift */; };
		46E5C09A1CF9A7AD002A7887 /* SocketEventHandler.swift in Sources */ = {isa = PBXBuildFile; fileRef = 46E5C0631CF9A7AD002A7887 /* SocketEventHandler.swift */; };
		46E5C09B1CF9A7AD002A7887 /* SocketIOClient.swift in Sources */ = {isa = PBXBuildFile; fileRef = 46E5C0641CF9A7AD002A7887 /* SocketIOClient.swift */; };
		46E5C09C1CF9A7AD002A7887 /* SocketIOClientOption.swift in Sources */ = {isa = PBXBuildFile; fileRef = 46E5C0651CF9A7AD002A7887 /* SocketIOClientOption.swift */; };
		46E5C09D1CF9A7AD002A7887 /* SocketIOClientStatus.swift in Sources */ = {isa = PBXBuildFile; fileRef = 46E5C0661CF9A7AD002A7887 /* SocketIOClientStatus.swift */; };
		46E5C09E1CF9A7AD002A7887 /* SocketLogger.swift in Sources */ = {isa = PBXBuildFile; fileRef = 46E5C0671CF9A7AD002A7887 /* SocketLogger.swift */; };
		46E5C09F1CF9A7AD002A7887 /* SocketPacket.swift in Sources */ = {isa = PBXBuildFile; fileRef = 46E5C0681CF9A7AD002A7887 /* SocketPacket.swift */; };
		46E5C0A01CF9A7AD002A7887 /* SocketParsable.swift in Sources */ = {isa = PBXBuildFile; fileRef = 46E5C0691CF9A7AD002A7887 /* SocketParsable.swift */; };
		46E5C0A11CF9A7AD002A7887 /* SocketStringReader.swift in Sources */ = {isa = PBXBuildFile; fileRef = 46E5C06A1CF9A7AD002A7887 /* SocketStringReader.swift */; };
		46E5C0A21CF9A7AD002A7887 /* SocketTypes.swift in Sources */ = {isa = PBXBuildFile; fileRef = 46E5C06B1CF9A7AD002A7887 /* SocketTypes.swift */; };
		46E5C0A31CF9A7AD002A7887 /* SwiftRegex.swift in Sources */ = {isa = PBXBuildFile; fileRef = 46E5C06C1CF9A7AD002A7887 /* SwiftRegex.swift */; };
		46E5C0A41CF9A7AD002A7887 /* WebSocket.swift in Sources */ = {isa = PBXBuildFile; fileRef = 46E5C06D1CF9A7AD002A7887 /* WebSocket.swift */; };
		84E471791D03D7FF00857F4B /* StartViewController.m in Sources */ = {isa = PBXBuildFile; fileRef = 84E471781D03D7FF00857F4B /* StartViewController.m */; };
		84E4717C1D03D87800857F4B /* Logo.Png in Resources */ = {isa = PBXBuildFile; fileRef = 84E4717B1D03D87800857F4B /* Logo.Png */; };
		84E4717E1D03D88300857F4B /* GoIcon.png in Resources */ = {isa = PBXBuildFile; fileRef = 84E4717D1D03D88300857F4B /* GoIcon.png */; };
		84E471801D03D88D00857F4B /* ChineseChessIcon.png in Resources */ = {isa = PBXBuildFile; fileRef = 84E4717F1D03D88D00857F4B /* ChineseChessIcon.png */; };
		84E471821D03D89300857F4B /* ChessIcon.png in Resources */ = {isa = PBXBuildFile; fileRef = 84E471811D03D89300857F4B /* ChessIcon.png */; };
		84E471881D03DBD100857F4B /* LoginViewController.m in Sources */ = {isa = PBXBuildFile; fileRef = 84E471871D03DBD100857F4B /* LoginViewController.m */; };
		99BC919D1D03D4D800E56FC5 /* Main.storyboard in Resources */ = {isa = PBXBuildFile; fileRef = 99BC919B1D03D4D800E56FC5 /* Main.storyboard */; };
		99BC91A01D03D51A00E56FC5 /* ViewController.m in Sources */ = {isa = PBXBuildFile; fileRef = 99BC919F1D03D51A00E56FC5 /* ViewController.m */; };
		99BC91A61D03D56B00E56FC5 /* Player.m in Sources */ = {isa = PBXBuildFile; fileRef = 99BC91A51D03D56B00E56FC5 /* Player.m */; };
		99BC91B71D03D5D000E56FC5 /* Advisor.m in Sources */ = {isa = PBXBuildFile; fileRef = 99BC91A81D03D5D000E56FC5 /* Advisor.m */; };
		99BC91B81D03D5D000E56FC5 /* Cannon.m in Sources */ = {isa = PBXBuildFile; fileRef = 99BC91AA1D03D5D000E56FC5 /* Cannon.m */; };
		99BC91B91D03D5D000E56FC5 /* Chariot.m in Sources */ = {isa = PBXBuildFile; fileRef = 99BC91AC1D03D5D000E56FC5 /* Chariot.m */; };
		99BC91BA1D03D5D000E56FC5 /* Elephant.m in Sources */ = {isa = PBXBuildFile; fileRef = 99BC91AE1D03D5D000E56FC5 /* Elephant.m */; };
		99BC91BB1D03D5D000E56FC5 /* Horse.m in Sources */ = {isa = PBXBuildFile; fileRef = 99BC91B01D03D5D000E56FC5 /* Horse.m */; };
		99BC91BC1D03D5D000E56FC5 /* King.m in Sources */ = {isa = PBXBuildFile; fileRef = 99BC91B21D03D5D000E56FC5 /* King.m */; };
		99BC91BD1D03D5D000E56FC5 /* Piece.m in Sources */ = {isa = PBXBuildFile; fileRef = 99BC91B41D03D5D000E56FC5 /* Piece.m */; };
		99BC91BE1D03D5D000E56FC5 /* Soldier.m in Sources */ = {isa = PBXBuildFile; fileRef = 99BC91B61D03D5D000E56FC5 /* Soldier.m */; };
		99BC91C11D03D5EF00E56FC5 /* Cell.m in Sources */ = {isa = PBXBuildFile; fileRef = 99BC91C01D03D5EF00E56FC5 /* Cell.m */; };
		99BC91C61D03D62000E56FC5 /* GameObject.m in Sources */ = {isa = PBXBuildFile; fileRef = 99BC91C31D03D62000E56FC5 /* GameObject.m */; };
		99BC91C71D03D62000E56FC5 /* Map.m in Sources */ = {isa = PBXBuildFile; fileRef = 99BC91C51D03D62000E56FC5 /* Map.m */; };
		99BC91E51D03D68400E56FC5 /* blueAdvisor.png in Resources */ = {isa = PBXBuildFile; fileRef = 99BC91CC1D03D68400E56FC5 /* blueAdvisor.png */; };
		99BC91E61D03D68400E56FC5 /* blueCannon.png in Resources */ = {isa = PBXBuildFile; fileRef = 99BC91CD1D03D68400E56FC5 /* blueCannon.png */; };
		99BC91E71D03D68400E56FC5 /* blueChariot.png in Resources */ = {isa = PBXBuildFile; fileRef = 99BC91CE1D03D68400E56FC5 /* blueChariot.png */; };
		99BC91E81D03D68400E56FC5 /* blueElephant.png in Resources */ = {isa = PBXBuildFile; fileRef = 99BC91CF1D03D68400E56FC5 /* blueElephant.png */; };
		99BC91E91D03D68400E56FC5 /* blueHorse.png in Resources */ = {isa = PBXBuildFile; fileRef = 99BC91D01D03D68400E56FC5 /* blueHorse.png */; };
		99BC91EA1D03D68400E56FC5 /* blueKing.png in Resources */ = {isa = PBXBuildFile; fileRef = 99BC91D11D03D68400E56FC5 /* blueKing.png */; };
		99BC91EB1D03D68400E56FC5 /* bluePreviousPoint.png in Resources */ = {isa = PBXBuildFile; fileRef = 99BC91D21D03D68400E56FC5 /* bluePreviousPoint.png */; };
		99BC91EC1D03D68400E56FC5 /* blueSoldier.png in Resources */ = {isa = PBXBuildFile; fileRef = 99BC91D31D03D68400E56FC5 /* blueSoldier.png */; };
		99BC91ED1D03D68400E56FC5 /* board.png in Resources */ = {isa = PBXBuildFile; fileRef = 99BC91D41D03D68400E56FC5 /* board.png */; };
		99BC91EE1D03D68400E56FC5 /* boardBG.jpg in Resources */ = {isa = PBXBuildFile; fileRef = 99BC91D51D03D68400E56FC5 /* boardBG.jpg */; };
		99BC91EF1D03D68400E56FC5 /* boardBGVertical.jpg in Resources */ = {isa = PBXBuildFile; fileRef = 99BC91D61D03D68400E56FC5 /* boardBGVertical.jpg */; };
		99BC91F01D03D68400E56FC5 /* effBlueJustMove.png in Resources */ = {isa = PBXBuildFile; fileRef = 99BC91D71D03D68400E56FC5 /* effBlueJustMove.png */; };
		99BC91F11D03D68400E56FC5 /* effectChieuTuong.png in Resources */ = {isa = PBXBuildFile; fileRef = 99BC91D81D03D68400E56FC5 /* effectChieuTuong.png */; };
		99BC91F21D03D68400E56FC5 /* effectSelect.png in Resources */ = {isa = PBXBuildFile; fileRef = 99BC91D91D03D68400E56FC5 /* effectSelect.png */; };
		99BC91F31D03D68400E56FC5 /* effectSuggest.png in Resources */ = {isa = PBXBuildFile; fileRef = 99BC91DA1D03D68400E56FC5 /* effectSuggest.png */; };
		99BC91F41D03D68400E56FC5 /* effRedJustMove.png in Resources */ = {isa = PBXBuildFile; fileRef = 99BC91DB1D03D68400E56FC5 /* effRedJustMove.png */; };
		99BC91F51D03D68400E56FC5 /* redAdvisor.png in Resources */ = {isa = PBXBuildFile; fileRef = 99BC91DC1D03D68400E56FC5 /* redAdvisor.png */; };
		99BC91F61D03D68400E56FC5 /* redCannon.png in Resources */ = {isa = PBXBuildFile; fileRef = 99BC91DD1D03D68400E56FC5 /* redCannon.png */; };
		99BC91F71D03D68400E56FC5 /* redChariot.png in Resources */ = {isa = PBXBuildFile; fileRef = 99BC91DE1D03D68400E56FC5 /* redChariot.png */; };
		99BC91F81D03D68400E56FC5 /* redElephant.png in Resources */ = {isa = PBXBuildFile; fileRef = 99BC91DF1D03D68400E56FC5 /* redElephant.png */; };
		99BC91F91D03D68400E56FC5 /* redHorse.png in Resources */ = {isa = PBXBuildFile; fileRef = 99BC91E01D03D68400E56FC5 /* redHorse.png */; };
		99BC91FA1D03D68400E56FC5 /* redKing.png in Resources */ = {isa = PBXBuildFile; fileRef = 99BC91E11D03D68400E56FC5 /* redKing.png */; };
		99BC91FB1D03D68400E56FC5 /* redPreviousPoint.png in Resources */ = {isa = PBXBuildFile; fileRef = 99BC91E21D03D68400E56FC5 /* redPreviousPoint.png */; };
		99BC91FC1D03D68400E56FC5 /* redSoldier.png in Resources */ = {isa = PBXBuildFile; fileRef = 99BC91E31D03D68400E56FC5 /* redSoldier.png */; };
		99BC91FD1D03D68400E56FC5 /* signX.png in Resources */ = {isa = PBXBuildFile; fileRef = 99BC91E41D03D68400E56FC5 /* signX.png */; };
/* End PBXBuildFile section */

/* Begin PBXFileReference section */
		46E5C00A1CF9A796002A7887 /* Techkid_Chess.app */ = {isa = PBXFileReference; explicitFileType = wrapper.application; includeInIndex = 0; path = Techkid_Chess.app; sourceTree = BUILT_PRODUCTS_DIR; };
		46E5C00E1CF9A796002A7887 /* main.m */ = {isa = PBXFileReference; lastKnownFileType = sourcecode.c.objc; path = main.m; sourceTree = "<group>"; };
		46E5C0101CF9A796002A7887 /* AppDelegate.h */ = {isa = PBXFileReference; lastKnownFileType = sourcecode.c.h; path = AppDelegate.h; sourceTree = "<group>"; };
		46E5C0111CF9A796002A7887 /* AppDelegate.m */ = {isa = PBXFileReference; lastKnownFileType = sourcecode.c.objc; path = AppDelegate.m; sourceTree = "<group>"; };
		46E5C0191CF9A796002A7887 /* Assets.xcassets */ = {isa = PBXFileReference; lastKnownFileType = folder.assetcatalog; path = Assets.xcassets; sourceTree = "<group>"; };
		46E5C01C1CF9A796002A7887 /* Base */ = {isa = PBXFileReference; lastKnownFileType = file.storyboard; name = Base; path = Base.lproj/LaunchScreen.storyboard; sourceTree = "<group>"; };
		46E5C01E1CF9A796002A7887 /* Info.plist */ = {isa = PBXFileReference; lastKnownFileType = text.plist.xml; path = Info.plist; sourceTree = "<group>"; };
		46E5C0261CF9A7AD002A7887 /* ChatData.xcdatamodel */ = {isa = PBXFileReference; lastKnownFileType = wrapper.xcdatamodel; path = ChatData.xcdatamodel; sourceTree = "<group>"; };
		46E5C0271CF9A7AD002A7887 /* ChatRoomViewController.h */ = {isa = PBXFileReference; fileEncoding = 4; lastKnownFileType = sourcecode.c.h; path = ChatRoomViewController.h; sourceTree = "<group>"; };
		46E5C0281CF9A7AD002A7887 /* ChatRoomViewController.m */ = {isa = PBXFileReference; fileEncoding = 4; lastKnownFileType = sourcecode.c.objc; path = ChatRoomViewController.m; sourceTree = "<group>"; };
		46E5C02C1CF9A7AD002A7887 /* IOMessage+CoreDataProperties.h */ = {isa = PBXFileReference; fileEncoding = 4; lastKnownFileType = sourcecode.c.h; path = "IOMessage+CoreDataProperties.h"; sourceTree = "<group>"; };
		46E5C02D1CF9A7AD002A7887 /* IOMessage+CoreDataProperties.m */ = {isa = PBXFileReference; fileEncoding = 4; lastKnownFileType = sourcecode.c.objc; path = "IOMessage+CoreDataProperties.m"; sourceTree = "<group>"; };
		46E5C02E1CF9A7AD002A7887 /* IOMessage.h */ = {isa = PBXFileReference; fileEncoding = 4; lastKnownFileType = sourcecode.c.h; path = IOMessage.h; sourceTree = "<group>"; };
		46E5C02F1CF9A7AD002A7887 /* IOMessage.m */ = {isa = PBXFileReference; fileEncoding = 4; lastKnownFileType = sourcecode.c.objc; path = IOMessage.m; sourceTree = "<group>"; };
		46E5C0301CF9A7AD002A7887 /* DataManager.h */ = {isa = PBXFileReference; fileEncoding = 4; lastKnownFileType = sourcecode.c.h; path = DataManager.h; sourceTree = "<group>"; };
		46E5C0311CF9A7AD002A7887 /* DataManager.m */ = {isa = PBXFileReference; fileEncoding = 4; lastKnownFileType = sourcecode.c.objc; path = DataManager.m; sourceTree = "<group>"; };
		46E5C0561CF9A7AD002A7887 /* Utils.h */ = {isa = PBXFileReference; fileEncoding = 4; lastKnownFileType = sourcecode.c.h; path = Utils.h; sourceTree = "<group>"; };
		46E5C0571CF9A7AD002A7887 /* Utils.m */ = {isa = PBXFileReference; fileEncoding = 4; lastKnownFileType = sourcecode.c.objc; path = Utils.m; sourceTree = "<group>"; };
		46E5C0591CF9A7AD002A7887 /* SocketAckEmitter.swift */ = {isa = PBXFileReference; fileEncoding = 4; lastKnownFileType = sourcecode.swift; path = SocketAckEmitter.swift; sourceTree = "<group>"; };
		46E5C05A1CF9A7AD002A7887 /* SocketAckManager.swift */ = {isa = PBXFileReference; fileEncoding = 4; lastKnownFileType = sourcecode.swift; path = SocketAckManager.swift; sourceTree = "<group>"; };
		46E5C05B1CF9A7AD002A7887 /* SocketAnyEvent.swift */ = {isa = PBXFileReference; fileEncoding = 4; lastKnownFileType = sourcecode.swift; path = SocketAnyEvent.swift; sourceTree = "<group>"; };
		46E5C05C1CF9A7AD002A7887 /* SocketClientSpec.swift */ = {isa = PBXFileReference; fileEncoding = 4; lastKnownFileType = sourcecode.swift; path = SocketClientSpec.swift; sourceTree = "<group>"; };
		46E5C05D1CF9A7AD002A7887 /* SocketEngine.swift */ = {isa = PBXFileReference; fileEncoding = 4; lastKnownFileType = sourcecode.swift; path = SocketEngine.swift; sourceTree = "<group>"; };
		46E5C05E1CF9A7AD002A7887 /* SocketEngineClient.swift */ = {isa = PBXFileReference; fileEncoding = 4; lastKnownFileType = sourcecode.swift; path = SocketEngineClient.swift; sourceTree = "<group>"; };
		46E5C05F1CF9A7AD002A7887 /* SocketEnginePacketType.swift */ = {isa = PBXFileReference; fileEncoding = 4; lastKnownFileType = sourcecode.swift; path = SocketEnginePacketType.swift; sourceTree = "<group>"; };
		46E5C0601CF9A7AD002A7887 /* SocketEnginePollable.swift */ = {isa = PBXFileReference; fileEncoding = 4; lastKnownFileType = sourcecode.swift; path = SocketEnginePollable.swift; sourceTree = "<group>"; };
		46E5C0611CF9A7AD002A7887 /* SocketEngineSpec.swift */ = {isa = PBXFileReference; fileEncoding = 4; lastKnownFileType = sourcecode.swift; path = SocketEngineSpec.swift; sourceTree = "<group>"; };
		46E5C0621CF9A7AD002A7887 /* SocketEngineWebsocket.swift */ = {isa = PBXFileReference; fileEncoding = 4; lastKnownFileType = sourcecode.swift; path = SocketEngineWebsocket.swift; sourceTree = "<group>"; };
		46E5C0631CF9A7AD002A7887 /* SocketEventHandler.swift */ = {isa = PBXFileReference; fileEncoding = 4; lastKnownFileType = sourcecode.swift; path = SocketEventHandler.swift; sourceTree = "<group>"; };
		46E5C0641CF9A7AD002A7887 /* SocketIOClient.swift */ = {isa = PBXFileReference; fileEncoding = 4; lastKnownFileType = sourcecode.swift; path = SocketIOClient.swift; sourceTree = "<group>"; };
		46E5C0651CF9A7AD002A7887 /* SocketIOClientOption.swift */ = {isa = PBXFileReference; fileEncoding = 4; lastKnownFileType = sourcecode.swift; path = SocketIOClientOption.swift; sourceTree = "<group>"; };
		46E5C0661CF9A7AD002A7887 /* SocketIOClientStatus.swift */ = {isa = PBXFileReference; fileEncoding = 4; lastKnownFileType = sourcecode.swift; path = SocketIOClientStatus.swift; sourceTree = "<group>"; };
		46E5C0671CF9A7AD002A7887 /* SocketLogger.swift */ = {isa = PBXFileReference; fileEncoding = 4; lastKnownFileType = sourcecode.swift; path = SocketLogger.swift; sourceTree = "<group>"; };
		46E5C0681CF9A7AD002A7887 /* SocketPacket.swift */ = {isa = PBXFileReference; fileEncoding = 4; lastKnownFileType = sourcecode.swift; path = SocketPacket.swift; sourceTree = "<group>"; };
		46E5C0691CF9A7AD002A7887 /* SocketParsable.swift */ = {isa = PBXFileReference; fileEncoding = 4; lastKnownFileType = sourcecode.swift; path = SocketParsable.swift; sourceTree = "<group>"; };
		46E5C06A1CF9A7AD002A7887 /* SocketStringReader.swift */ = {isa = PBXFileReference; fileEncoding = 4; lastKnownFileType = sourcecode.swift; path = SocketStringReader.swift; sourceTree = "<group>"; };
		46E5C06B1CF9A7AD002A7887 /* SocketTypes.swift */ = {isa = PBXFileReference; fileEncoding = 4; lastKnownFileType = sourcecode.swift; path = SocketTypes.swift; sourceTree = "<group>"; };
		46E5C06C1CF9A7AD002A7887 /* SwiftRegex.swift */ = {isa = PBXFileReference; fileEncoding = 4; lastKnownFileType = sourcecode.swift; path = SwiftRegex.swift; sourceTree = "<group>"; };
		46E5C06D1CF9A7AD002A7887 /* WebSocket.swift */ = {isa = PBXFileReference; fileEncoding = 4; lastKnownFileType = sourcecode.swift; path = WebSocket.swift; sourceTree = "<group>"; };
		84E471771D03D7FF00857F4B /* StartViewController.h */ = {isa = PBXFileReference; fileEncoding = 4; lastKnownFileType = sourcecode.c.h; path = StartViewController.h; sourceTree = "<group>"; };
		84E471781D03D7FF00857F4B /* StartViewController.m */ = {isa = PBXFileReference; fileEncoding = 4; lastKnownFileType = sourcecode.c.objc; path = StartViewController.m; sourceTree = "<group>"; };
		84E4717B1D03D87800857F4B /* Logo.Png */ = {isa = PBXFileReference; lastKnownFileType = image.png; path = Logo.Png; sourceTree = "<group>"; };
		84E4717D1D03D88300857F4B /* GoIcon.png */ = {isa = PBXFileReference; lastKnownFileType = image.png; path = GoIcon.png; sourceTree = "<group>"; };
		84E4717F1D03D88D00857F4B /* ChineseChessIcon.png */ = {isa = PBXFileReference; lastKnownFileType = image.png; path = ChineseChessIcon.png; sourceTree = "<group>"; };
		84E471811D03D89300857F4B /* ChessIcon.png */ = {isa = PBXFileReference; lastKnownFileType = image.png; path = ChessIcon.png; sourceTree = "<group>"; };
		84E471861D03DBD100857F4B /* LoginViewController.h */ = {isa = PBXFileReference; fileEncoding = 4; lastKnownFileType = sourcecode.c.h; path = LoginViewController.h; sourceTree = "<group>"; };
		84E471871D03DBD100857F4B /* LoginViewController.m */ = {isa = PBXFileReference; fileEncoding = 4; lastKnownFileType = sourcecode.c.objc; path = LoginViewController.m; sourceTree = "<group>"; };
		99BC919C1D03D4D800E56FC5 /* Base */ = {isa = PBXFileReference; lastKnownFileType = file.storyboard; name = Base; path = Base.lproj/Main.storyboard; sourceTree = "<group>"; };
		99BC919E1D03D51A00E56FC5 /* ViewController.h */ = {isa = PBXFileReference; fileEncoding = 4; lastKnownFileType = sourcecode.c.h; path = ViewController.h; sourceTree = "<group>"; };
		99BC919F1D03D51A00E56FC5 /* ViewController.m */ = {isa = PBXFileReference; fileEncoding = 4; lastKnownFileType = sourcecode.c.objc; path = ViewController.m; sourceTree = "<group>"; };
		99BC91A41D03D56B00E56FC5 /* Player.h */ = {isa = PBXFileReference; fileEncoding = 4; lastKnownFileType = sourcecode.c.h; path = Player.h; sourceTree = "<group>"; };
		99BC91A51D03D56B00E56FC5 /* Player.m */ = {isa = PBXFileReference; fileEncoding = 4; lastKnownFileType = sourcecode.c.objc; path = Player.m; sourceTree = "<group>"; };
		99BC91A71D03D5D000E56FC5 /* Advisor.h */ = {isa = PBXFileReference; fileEncoding = 4; lastKnownFileType = sourcecode.c.h; path = Advisor.h; sourceTree = "<group>"; };
		99BC91A81D03D5D000E56FC5 /* Advisor.m */ = {isa = PBXFileReference; fileEncoding = 4; lastKnownFileType = sourcecode.c.objc; path = Advisor.m; sourceTree = "<group>"; };
		99BC91A91D03D5D000E56FC5 /* Cannon.h */ = {isa = PBXFileReference; fileEncoding = 4; lastKnownFileType = sourcecode.c.h; path = Cannon.h; sourceTree = "<group>"; };
		99BC91AA1D03D5D000E56FC5 /* Cannon.m */ = {isa = PBXFileReference; fileEncoding = 4; lastKnownFileType = sourcecode.c.objc; path = Cannon.m; sourceTree = "<group>"; };
		99BC91AB1D03D5D000E56FC5 /* Chariot.h */ = {isa = PBXFileReference; fileEncoding = 4; lastKnownFileType = sourcecode.c.h; path = Chariot.h; sourceTree = "<group>"; };
		99BC91AC1D03D5D000E56FC5 /* Chariot.m */ = {isa = PBXFileReference; fileEncoding = 4; lastKnownFileType = sourcecode.c.objc; path = Chariot.m; sourceTree = "<group>"; };
		99BC91AD1D03D5D000E56FC5 /* Elephant.h */ = {isa = PBXFileReference; fileEncoding = 4; lastKnownFileType = sourcecode.c.h; path = Elephant.h; sourceTree = "<group>"; };
		99BC91AE1D03D5D000E56FC5 /* Elephant.m */ = {isa = PBXFileReference; fileEncoding = 4; lastKnownFileType = sourcecode.c.objc; path = Elephant.m; sourceTree = "<group>"; };
		99BC91AF1D03D5D000E56FC5 /* Horse.h */ = {isa = PBXFileReference; fileEncoding = 4; lastKnownFileType = sourcecode.c.h; path = Horse.h; sourceTree = "<group>"; };
		99BC91B01D03D5D000E56FC5 /* Horse.m */ = {isa = PBXFileReference; fileEncoding = 4; lastKnownFileType = sourcecode.c.objc; path = Horse.m; sourceTree = "<group>"; };
		99BC91B11D03D5D000E56FC5 /* King.h */ = {isa = PBXFileReference; fileEncoding = 4; lastKnownFileType = sourcecode.c.h; path = King.h; sourceTree = "<group>"; };
		99BC91B21D03D5D000E56FC5 /* King.m */ = {isa = PBXFileReference; fileEncoding = 4; lastKnownFileType = sourcecode.c.objc; path = King.m; sourceTree = "<group>"; };
		99BC91B31D03D5D000E56FC5 /* Piece.h */ = {isa = PBXFileReference; fileEncoding = 4; lastKnownFileType = sourcecode.c.h; path = Piece.h; sourceTree = "<group>"; };
		99BC91B41D03D5D000E56FC5 /* Piece.m */ = {isa = PBXFileReference; fileEncoding = 4; lastKnownFileType = sourcecode.c.objc; path = Piece.m; sourceTree = "<group>"; };
		99BC91B51D03D5D000E56FC5 /* Soldier.h */ = {isa = PBXFileReference; fileEncoding = 4; lastKnownFileType = sourcecode.c.h; path = Soldier.h; sourceTree = "<group>"; };
		99BC91B61D03D5D000E56FC5 /* Soldier.m */ = {isa = PBXFileReference; fileEncoding = 4; lastKnownFileType = sourcecode.c.objc; path = Soldier.m; sourceTree = "<group>"; };
		99BC91BF1D03D5EF00E56FC5 /* Cell.h */ = {isa = PBXFileReference; fileEncoding = 4; lastKnownFileType = sourcecode.c.h; path = Cell.h; sourceTree = "<group>"; };
		99BC91C01D03D5EF00E56FC5 /* Cell.m */ = {isa = PBXFileReference; fileEncoding = 4; lastKnownFileType = sourcecode.c.objc; path = Cell.m; sourceTree = "<group>"; };
		99BC91C21D03D62000E56FC5 /* GameObject.h */ = {isa = PBXFileReference; fileEncoding = 4; lastKnownFileType = sourcecode.c.h; path = GameObject.h; sourceTree = "<group>"; };
		99BC91C31D03D62000E56FC5 /* GameObject.m */ = {isa = PBXFileReference; fileEncoding = 4; lastKnownFileType = sourcecode.c.objc; path = GameObject.m; sourceTree = "<group>"; };
		99BC91C41D03D62000E56FC5 /* Map.h */ = {isa = PBXFileReference; fileEncoding = 4; lastKnownFileType = sourcecode.c.h; path = Map.h; sourceTree = "<group>"; };
		99BC91C51D03D62000E56FC5 /* Map.m */ = {isa = PBXFileReference; fileEncoding = 4; lastKnownFileType = sourcecode.c.objc; path = Map.m; sourceTree = "<group>"; };
		99BC91C81D03D64600E56FC5 /* BoardConfig.h */ = {isa = PBXFileReference; fileEncoding = 4; lastKnownFileType = sourcecode.c.h; path = BoardConfig.h; sourceTree = "<group>"; };
		99BC91C91D03D64600E56FC5 /* PlayerColor.h */ = {isa = PBXFileReference; fileEncoding = 4; lastKnownFileType = sourcecode.c.h; path = PlayerColor.h; sourceTree = "<group>"; };
		99BC91CC1D03D68400E56FC5 /* blueAdvisor.png */ = {isa = PBXFileReference; lastKnownFileType = image.png; path = blueAdvisor.png; sourceTree = "<group>"; };
		99BC91CD1D03D68400E56FC5 /* blueCannon.png */ = {isa = PBXFileReference; lastKnownFileType = image.png; path = blueCannon.png; sourceTree = "<group>"; };
		99BC91CE1D03D68400E56FC5 /* blueChariot.png */ = {isa = PBXFileReference; lastKnownFileType = image.png; path = blueChariot.png; sourceTree = "<group>"; };
		99BC91CF1D03D68400E56FC5 /* blueElephant.png */ = {isa = PBXFileReference; lastKnownFileType = image.png; path = blueElephant.png; sourceTree = "<group>"; };
		99BC91D01D03D68400E56FC5 /* blueHorse.png */ = {isa = PBXFileReference; lastKnownFileType = image.png; path = blueHorse.png; sourceTree = "<group>"; };
		99BC91D11D03D68400E56FC5 /* blueKing.png */ = {isa = PBXFileReference; lastKnownFileType = image.png; path = blueKing.png; sourceTree = "<group>"; };
		99BC91D21D03D68400E56FC5 /* bluePreviousPoint.png */ = {isa = PBXFileReference; lastKnownFileType = image.png; path = bluePreviousPoint.png; sourceTree = "<group>"; };
		99BC91D31D03D68400E56FC5 /* blueSoldier.png */ = {isa = PBXFileReference; lastKnownFileType = image.png; path = blueSoldier.png; sourceTree = "<group>"; };
		99BC91D41D03D68400E56FC5 /* board.png */ = {isa = PBXFileReference; lastKnownFileType = image.png; path = board.png; sourceTree = "<group>"; };
		99BC91D51D03D68400E56FC5 /* boardBG.jpg */ = {isa = PBXFileReference; lastKnownFileType = image.jpeg; path = boardBG.jpg; sourceTree = "<group>"; };
		99BC91D61D03D68400E56FC5 /* boardBGVertical.jpg */ = {isa = PBXFileReference; lastKnownFileType = image.jpeg; path = boardBGVertical.jpg; sourceTree = "<group>"; };
		99BC91D71D03D68400E56FC5 /* effBlueJustMove.png */ = {isa = PBXFileReference; lastKnownFileType = image.png; path = effBlueJustMove.png; sourceTree = "<group>"; };
		99BC91D81D03D68400E56FC5 /* effectChieuTuong.png */ = {isa = PBXFileReference; lastKnownFileType = image.png; path = effectChieuTuong.png; sourceTree = "<group>"; };
		99BC91D91D03D68400E56FC5 /* effectSelect.png */ = {isa = PBXFileReference; lastKnownFileType = image.png; path = effectSelect.png; sourceTree = "<group>"; };
		99BC91DA1D03D68400E56FC5 /* effectSuggest.png */ = {isa = PBXFileReference; lastKnownFileType = image.png; path = effectSuggest.png; sourceTree = "<group>"; };
		99BC91DB1D03D68400E56FC5 /* effRedJustMove.png */ = {isa = PBXFileReference; lastKnownFileType = image.png; path = effRedJustMove.png; sourceTree = "<group>"; };
		99BC91DC1D03D68400E56FC5 /* redAdvisor.png */ = {isa = PBXFileReference; lastKnownFileType = image.png; path = redAdvisor.png; sourceTree = "<group>"; };
		99BC91DD1D03D68400E56FC5 /* redCannon.png */ = {isa = PBXFileReference; lastKnownFileType = image.png; path = redCannon.png; sourceTree = "<group>"; };
		99BC91DE1D03D68400E56FC5 /* redChariot.png */ = {isa = PBXFileReference; lastKnownFileType = image.png; path = redChariot.png; sourceTree = "<group>"; };
		99BC91DF1D03D68400E56FC5 /* redElephant.png */ = {isa = PBXFileReference; lastKnownFileType = image.png; path = redElephant.png; sourceTree = "<group>"; };
		99BC91E01D03D68400E56FC5 /* redHorse.png */ = {isa = PBXFileReference; lastKnownFileType = image.png; path = redHorse.png; sourceTree = "<group>"; };
		99BC91E11D03D68400E56FC5 /* redKing.png */ = {isa = PBXFileReference; lastKnownFileType = image.png; path = redKing.png; sourceTree = "<group>"; };
		99BC91E21D03D68400E56FC5 /* redPreviousPoint.png */ = {isa = PBXFileReference; lastKnownFileType = image.png; path = redPreviousPoint.png; sourceTree = "<group>"; };
		99BC91E31D03D68400E56FC5 /* redSoldier.png */ = {isa = PBXFileReference; lastKnownFileType = image.png; path = redSoldier.png; sourceTree = "<group>"; };
		99BC91E41D03D68400E56FC5 /* signX.png */ = {isa = PBXFileReference; lastKnownFileType = image.png; path = signX.png; sourceTree = "<group>"; };
/* End PBXFileReference section */

/* Begin PBXFrameworksBuildPhase section */
		46E5C0071CF9A796002A7887 /* Frameworks */ = {
			isa = PBXFrameworksBuildPhase;
			buildActionMask = 2147483647;
			files = (
			);
			runOnlyForDeploymentPostprocessing = 0;
		};
/* End PBXFrameworksBuildPhase section */

/* Begin PBXGroup section */
		46E5C0011CF9A796002A7887 = {
			isa = PBXGroup;
			children = (
				46E5C00C1CF9A796002A7887 /* Techkid_Chess */,
				46E5C00B1CF9A796002A7887 /* qq */,
			);
			sourceTree = "<group>";
		};
		46E5C00B1CF9A796002A7887 /* qq */ = {
			isa = PBXGroup;
			children = (
				46E5C00A1CF9A796002A7887 /* Techkid_Chess.app */,
			);
			name = qq;
			sourceTree = "<group>";
		};
		46E5C00C1CF9A796002A7887 /* Techkid_Chess */ = {
			isa = PBXGroup;
			children = (
				46E5C0101CF9A796002A7887 /* AppDelegate.h */,
				46E5C0111CF9A796002A7887 /* AppDelegate.m */,
				99BC91951D03D2EB00E56FC5 /* ChineseChess */,
				46E5C0241CF9A7AD002A7887 /* SocketIO */,
				46E5C0191CF9A796002A7887 /* Assets.xcassets */,
				46E5C01B1CF9A796002A7887 /* LaunchScreen.storyboard */,
				99BC919B1D03D4D800E56FC5 /* Main.storyboard */,
				46E5C01E1CF9A796002A7887 /* Info.plist */,
				46E5C00D1CF9A796002A7887 /* qqqqqq */,
			);
			path = Techkid_Chess;
			sourceTree = "<group>";
		};
		46E5C00D1CF9A796002A7887 /* qqqqqq */ = {
			isa = PBXGroup;
			children = (
				46E5C00E1CF9A796002A7887 /* main.m */,
			);
			name = qqqqqq;
			sourceTree = "<group>";
		};
		46E5C0241CF9A7AD002A7887 /* SocketIO */ = {
			isa = PBXGroup;
			children = (
				46E5C0251CF9A7AD002A7887 /* ChatData.xcdatamodeld */,
				46E5C0271CF9A7AD002A7887 /* ChatRoomViewController.h */,
				46E5C0281CF9A7AD002A7887 /* ChatRoomViewController.m */,
				46E5C02B1CF9A7AD002A7887 /* CoreDataGenerated */,
				46E5C0301CF9A7AD002A7887 /* DataManager.h */,
				46E5C0311CF9A7AD002A7887 /* DataManager.m */,
				46E5C0551CF9A7AD002A7887 /* SocketHelp */,
				46E5C0581CF9A7AD002A7887 /* Source */,
			);
			path = SocketIO;
			sourceTree = "<group>";
		};
		46E5C02B1CF9A7AD002A7887 /* CoreDataGenerated */ = {
			isa = PBXGroup;
			children = (
				46E5C02C1CF9A7AD002A7887 /* IOMessage+CoreDataProperties.h */,
				46E5C02D1CF9A7AD002A7887 /* IOMessage+CoreDataProperties.m */,
				46E5C02E1CF9A7AD002A7887 /* IOMessage.h */,
				46E5C02F1CF9A7AD002A7887 /* IOMessage.m */,
			);
			path = CoreDataGenerated;
			sourceTree = "<group>";
		};
		46E5C0551CF9A7AD002A7887 /* SocketHelp */ = {
			isa = PBXGroup;
			children = (
				46E5C0561CF9A7AD002A7887 /* Utils.h */,
				46E5C0571CF9A7AD002A7887 /* Utils.m */,
			);
			path = SocketHelp;
			sourceTree = "<group>";
		};
		46E5C0581CF9A7AD002A7887 /* Source */ = {
			isa = PBXGroup;
			children = (
				46E5C0591CF9A7AD002A7887 /* SocketAckEmitter.swift */,
				46E5C05A1CF9A7AD002A7887 /* SocketAckManager.swift */,
				46E5C05B1CF9A7AD002A7887 /* SocketAnyEvent.swift */,
				46E5C05C1CF9A7AD002A7887 /* SocketClientSpec.swift */,
				46E5C05D1CF9A7AD002A7887 /* SocketEngine.swift */,
				46E5C05E1CF9A7AD002A7887 /* SocketEngineClient.swift */,
				46E5C05F1CF9A7AD002A7887 /* SocketEnginePacketType.swift */,
				46E5C0601CF9A7AD002A7887 /* SocketEnginePollable.swift */,
				46E5C0611CF9A7AD002A7887 /* SocketEngineSpec.swift */,
				46E5C0621CF9A7AD002A7887 /* SocketEngineWebsocket.swift */,
				46E5C0631CF9A7AD002A7887 /* SocketEventHandler.swift */,
				46E5C0641CF9A7AD002A7887 /* SocketIOClient.swift */,
				46E5C0651CF9A7AD002A7887 /* SocketIOClientOption.swift */,
				46E5C0661CF9A7AD002A7887 /* SocketIOClientStatus.swift */,
				46E5C0671CF9A7AD002A7887 /* SocketLogger.swift */,
				46E5C0681CF9A7AD002A7887 /* SocketPacket.swift */,
				46E5C0691CF9A7AD002A7887 /* SocketParsable.swift */,
				46E5C06A1CF9A7AD002A7887 /* SocketStringReader.swift */,
				46E5C06B1CF9A7AD002A7887 /* SocketTypes.swift */,
				46E5C06C1CF9A7AD002A7887 /* SwiftRegex.swift */,
				46E5C06D1CF9A7AD002A7887 /* WebSocket.swift */,
			);
			path = Source;
			sourceTree = "<group>";
		};
		84E4717A1D03D86E00857F4B /* Icon */ = {
			isa = PBXGroup;
			children = (
				84E471811D03D89300857F4B /* ChessIcon.png */,
				84E4717F1D03D88D00857F4B /* ChineseChessIcon.png */,
				84E4717D1D03D88300857F4B /* GoIcon.png */,
				84E4717B1D03D87800857F4B /* Logo.Png */,
			);
			name = Icon;
			sourceTree = "<group>";
		};
		99BC91951D03D2EB00E56FC5 /* ChineseChess */ = {
			isa = PBXGroup;
			children = (
				99BC919A1D03D44D00E56FC5 /* Asset */,
				99BC91991D03D44400E56FC5 /* Utilities */,
				99BC91981D03D43D00E56FC5 /* Model */,
				99BC91971D03D43500E56FC5 /* View */,
				99BC91961D03D42700E56FC5 /* Controller */,
			);
			name = ChineseChess;
			sourceTree = "<group>";
		};
		99BC91961D03D42700E56FC5 /* Controller */ = {
			isa = PBXGroup;
			children = (
				99BC919E1D03D51A00E56FC5 /* ViewController.h */,
				99BC919F1D03D51A00E56FC5 /* ViewController.m */,
				84E471771D03D7FF00857F4B /* StartViewController.h */,
				84E471781D03D7FF00857F4B /* StartViewController.m */,
				84E471861D03DBD100857F4B /* LoginViewController.h */,
				84E471871D03DBD100857F4B /* LoginViewController.m */,
			);
			name = Controller;
			sourceTree = "<group>";
		};
		99BC91971D03D43500E56FC5 /* View */ = {
			isa = PBXGroup;
			children = (
				99BC91A31D03D53D00E56FC5 /* Other */,
				99BC91A21D03D53300E56FC5 /* Piece */,
				99BC91A11D03D52D00E56FC5 /* Player */,
			);
			name = View;
			sourceTree = "<group>";
		};
		99BC91981D03D43D00E56FC5 /* Model */ = {
			isa = PBXGroup;
			children = (
				99BC91C21D03D62000E56FC5 /* GameObject.h */,
				99BC91C31D03D62000E56FC5 /* GameObject.m */,
				99BC91C41D03D62000E56FC5 /* Map.h */,
				99BC91C51D03D62000E56FC5 /* Map.m */,
			);
			name = Model;
			sourceTree = "<group>";
		};
		99BC91991D03D44400E56FC5 /* Utilities */ = {
			isa = PBXGroup;
			children = (
				99BC91C81D03D64600E56FC5 /* BoardConfig.h */,
				99BC91C91D03D64600E56FC5 /* PlayerColor.h */,
			);
			name = Utilities;
			sourceTree = "<group>";
		};
		99BC919A1D03D44D00E56FC5 /* Asset */ = {
			isa = PBXGroup;
			children = (
				84E4717A1D03D86E00857F4B /* Icon */,
				99BC91CB1D03D68400E56FC5 /* GUIBoard */,
			);
			name = Asset;
			sourceTree = "<group>";
		};
		99BC91A11D03D52D00E56FC5 /* Player */ = {
			isa = PBXGroup;
			children = (
				99BC91A41D03D56B00E56FC5 /* Player.h */,
				99BC91A51D03D56B00E56FC5 /* Player.m */,
			);
			name = Player;
			sourceTree = "<group>";
		};
		99BC91A21D03D53300E56FC5 /* Piece */ = {
			isa = PBXGroup;
			children = (
				99BC91A71D03D5D000E56FC5 /* Advisor.h */,
				99BC91A81D03D5D000E56FC5 /* Advisor.m */,
				99BC91A91D03D5D000E56FC5 /* Cannon.h */,
				99BC91AA1D03D5D000E56FC5 /* Cannon.m */,
				99BC91AB1D03D5D000E56FC5 /* Chariot.h */,
				99BC91AC1D03D5D000E56FC5 /* Chariot.m */,
				99BC91AD1D03D5D000E56FC5 /* Elephant.h */,
				99BC91AE1D03D5D000E56FC5 /* Elephant.m */,
				99BC91AF1D03D5D000E56FC5 /* Horse.h */,
				99BC91B01D03D5D000E56FC5 /* Horse.m */,
				99BC91B11D03D5D000E56FC5 /* King.h */,
				99BC91B21D03D5D000E56FC5 /* King.m */,
				99BC91B31D03D5D000E56FC5 /* Piece.h */,
				99BC91B41D03D5D000E56FC5 /* Piece.m */,
				99BC91B51D03D5D000E56FC5 /* Soldier.h */,
				99BC91B61D03D5D000E56FC5 /* Soldier.m */,
			);
			name = Piece;
			sourceTree = "<group>";
		};
		99BC91A31D03D53D00E56FC5 /* Other */ = {
			isa = PBXGroup;
			children = (
				99BC91BF1D03D5EF00E56FC5 /* Cell.h */,
				99BC91C01D03D5EF00E56FC5 /* Cell.m */,
			);
			name = Other;
			sourceTree = "<group>";
		};
		99BC91CB1D03D68400E56FC5 /* GUIBoard */ = {
			isa = PBXGroup;
			children = (
				99BC91CC1D03D68400E56FC5 /* blueAdvisor.png */,
				99BC91CD1D03D68400E56FC5 /* blueCannon.png */,
				99BC91CE1D03D68400E56FC5 /* blueChariot.png */,
				99BC91CF1D03D68400E56FC5 /* blueElephant.png */,
				99BC91D01D03D68400E56FC5 /* blueHorse.png */,
				99BC91D11D03D68400E56FC5 /* blueKing.png */,
				99BC91D21D03D68400E56FC5 /* bluePreviousPoint.png */,
				99BC91D31D03D68400E56FC5 /* blueSoldier.png */,
				99BC91D41D03D68400E56FC5 /* board.png */,
				99BC91D51D03D68400E56FC5 /* boardBG.jpg */,
				99BC91D61D03D68400E56FC5 /* boardBGVertical.jpg */,
				99BC91D71D03D68400E56FC5 /* effBlueJustMove.png */,
				99BC91D81D03D68400E56FC5 /* effectChieuTuong.png */,
				99BC91D91D03D68400E56FC5 /* effectSelect.png */,
				99BC91DA1D03D68400E56FC5 /* effectSuggest.png */,
				99BC91DB1D03D68400E56FC5 /* effRedJustMove.png */,
				99BC91DC1D03D68400E56FC5 /* redAdvisor.png */,
				99BC91DD1D03D68400E56FC5 /* redCannon.png */,
				99BC91DE1D03D68400E56FC5 /* redChariot.png */,
				99BC91DF1D03D68400E56FC5 /* redElephant.png */,
				99BC91E01D03D68400E56FC5 /* redHorse.png */,
				99BC91E11D03D68400E56FC5 /* redKing.png */,
				99BC91E21D03D68400E56FC5 /* redPreviousPoint.png */,
				99BC91E31D03D68400E56FC5 /* redSoldier.png */,
				99BC91E41D03D68400E56FC5 /* signX.png */,
			);
			path = GUIBoard;
			sourceTree = "<group>";
		};
/* End PBXGroup section */

/* Begin PBXNativeTarget section */
		46E5C0091CF9A796002A7887 /* Techkid_Chess */ = {
			isa = PBXNativeTarget;
			buildConfigurationList = 46E5C0211CF9A796002A7887 /* Build configuration list for PBXNativeTarget "Techkid_Chess" */;
			buildPhases = (
				46E5C0061CF9A796002A7887 /* Sources */,
				46E5C0071CF9A796002A7887 /* Frameworks */,
				46E5C0081CF9A796002A7887 /* Resources */,
			);
			buildRules = (
			);
			dependencies = (
			);
			name = Techkid_Chess;
			productName = Techkid_Chess;
			productReference = 46E5C00A1CF9A796002A7887 /* Techkid_Chess.app */;
			productType = "com.apple.product-type.application";
		};
/* End PBXNativeTarget section */

/* Begin PBXProject section */
		46E5C0021CF9A796002A7887 /* Project object */ = {
			isa = PBXProject;
			attributes = {
				LastUpgradeCheck = 0730;
				ORGANIZATIONNAME = TechKid;
				TargetAttributes = {
					46E5C0091CF9A796002A7887 = {
						CreatedOnToolsVersion = 7.3.1;
						DevelopmentTeam = V87225KR53;
					};
				};
			};
			buildConfigurationList = 46E5C0051CF9A796002A7887 /* Build configuration list for PBXProject "Techkid_Chess" */;
			compatibilityVersion = "Xcode 3.2";
			developmentRegion = English;
			hasScannedForEncodings = 0;
			knownRegions = (
				en,
				Base,
			);
			mainGroup = 46E5C0011CF9A796002A7887;
			productRefGroup = 46E5C00B1CF9A796002A7887 /* qq */;
			projectDirPath = "";
			projectRoot = "";
			targets = (
				46E5C0091CF9A796002A7887 /* Techkid_Chess */,
			);
		};
/* End PBXProject section */

/* Begin PBXResourcesBuildPhase section */
		46E5C0081CF9A796002A7887 /* Resources */ = {
			isa = PBXResourcesBuildPhase;
			buildActionMask = 2147483647;
			files = (
				99BC91E71D03D68400E56FC5 /* blueChariot.png in Resources */,
				99BC91F01D03D68400E56FC5 /* effBlueJustMove.png in Resources */,
				99BC91F71D03D68400E56FC5 /* redChariot.png in Resources */,
				99BC91F91D03D68400E56FC5 /* redHorse.png in Resources */,
				84E4717E1D03D88300857F4B /* GoIcon.png in Resources */,
				84E4717C1D03D87800857F4B /* Logo.Png in Resources */,
				99BC91E91D03D68400E56FC5 /* blueHorse.png in Resources */,
				99BC91F81D03D68400E56FC5 /* redElephant.png in Resources */,
				99BC919D1D03D4D800E56FC5 /* Main.storyboard in Resources */,
				99BC91F51D03D68400E56FC5 /* redAdvisor.png in Resources */,
				46E5C01D1CF9A796002A7887 /* LaunchScreen.storyboard in Resources */,
				99BC91FD1D03D68400E56FC5 /* signX.png in Resources */,
				99BC91EE1D03D68400E56FC5 /* boardBG.jpg in Resources */,
				99BC91EA1D03D68400E56FC5 /* blueKing.png in Resources */,
				99BC91E81D03D68400E56FC5 /* blueElephant.png in Resources */,
				99BC91EF1D03D68400E56FC5 /* boardBGVertical.jpg in Resources */,
				99BC91F61D03D68400E56FC5 /* redCannon.png in Resources */,
				99BC91FC1D03D68400E56FC5 /* redSoldier.png in Resources */,
				99BC91EC1D03D68400E56FC5 /* blueSoldier.png in Resources */,
				99BC91E51D03D68400E56FC5 /* blueAdvisor.png in Resources */,
				99BC91F41D03D68400E56FC5 /* effRedJustMove.png in Resources */,
				99BC91FB1D03D68400E56FC5 /* redPreviousPoint.png in Resources */,
				84E471801D03D88D00857F4B /* ChineseChessIcon.png in Resources */,
				99BC91F31D03D68400E56FC5 /* effectSuggest.png in Resources */,
				99BC91F21D03D68400E56FC5 /* effectSelect.png in Resources */,
				99BC91ED1D03D68400E56FC5 /* board.png in Resources */,
				99BC91EB1D03D68400E56FC5 /* bluePreviousPoint.png in Resources */,
				46E5C01A1CF9A796002A7887 /* Assets.xcassets in Resources */,
				99BC91E61D03D68400E56FC5 /* blueCannon.png in Resources */,
				99BC91F11D03D68400E56FC5 /* effectChieuTuong.png in Resources */,
				99BC91FA1D03D68400E56FC5 /* redKing.png in Resources */,
				84E471821D03D89300857F4B /* ChessIcon.png in Resources */,
			);
			runOnlyForDeploymentPostprocessing = 0;
		};
/* End PBXResourcesBuildPhase section */

/* Begin PBXSourcesBuildPhase section */
		46E5C0061CF9A796002A7887 /* Sources */ = {
			isa = PBXSourcesBuildPhase;
			buildActionMask = 2147483647;
			files = (
				46E5C09D1CF9A7AD002A7887 /* SocketIOClientStatus.swift in Sources */,
				46E5C0961CF9A7AD002A7887 /* SocketEnginePacketType.swift in Sources */,
				99BC91B91D03D5D000E56FC5 /* Chariot.m in Sources */,
				99BC91BB1D03D5D000E56FC5 /* Horse.m in Sources */,
				46E5C0951CF9A7AD002A7887 /* SocketEngineClient.swift in Sources */,
				46E5C0941CF9A7AD002A7887 /* SocketEngine.swift in Sources */,
				46E5C0901CF9A7AD002A7887 /* SocketAckEmitter.swift in Sources */,
				46E5C0A01CF9A7AD002A7887 /* SocketParsable.swift in Sources */,
				46E5C0971CF9A7AD002A7887 /* SocketEnginePollable.swift in Sources */,
				46E5C0931CF9A7AD002A7887 /* SocketClientSpec.swift in Sources */,
				46E5C0A31CF9A7AD002A7887 /* SwiftRegex.swift in Sources */,
				99BC91BC1D03D5D000E56FC5 /* King.m in Sources */,
				99BC91BD1D03D5D000E56FC5 /* Piece.m in Sources */,
				46E5C0A41CF9A7AD002A7887 /* WebSocket.swift in Sources */,
				46E5C08F1CF9A7AD002A7887 /* Utils.m in Sources */,
				46E5C09E1CF9A7AD002A7887 /* SocketLogger.swift in Sources */,
				46E5C09B1CF9A7AD002A7887 /* SocketIOClient.swift in Sources */,
				46E5C09F1CF9A7AD002A7887 /* SocketPacket.swift in Sources */,
				84E471791D03D7FF00857F4B /* StartViewController.m in Sources */,
				46E5C09A1CF9A7AD002A7887 /* SocketEventHandler.swift in Sources */,
				84E471881D03DBD100857F4B /* LoginViewController.m in Sources */,
				46E5C0921CF9A7AD002A7887 /* SocketAnyEvent.swift in Sources */,
				46E5C0121CF9A796002A7887 /* AppDelegate.m in Sources */,
				46E5C0991CF9A7AD002A7887 /* SocketEngineWebsocket.swift in Sources */,
				99BC91B81D03D5D000E56FC5 /* Cannon.m in Sources */,
				46E5C0711CF9A7AD002A7887 /* IOMessage+CoreDataProperties.m in Sources */,
				46E5C0721CF9A7AD002A7887 /* IOMessage.m in Sources */,
				99BC91C11D03D5EF00E56FC5 /* Cell.m in Sources */,
				46E5C0981CF9A7AD002A7887 /* SocketEngineSpec.swift in Sources */,
				99BC91BE1D03D5D000E56FC5 /* Soldier.m in Sources */,
				46E5C0911CF9A7AD002A7887 /* SocketAckManager.swift in Sources */,
				46E5C00F1CF9A796002A7887 /* main.m in Sources */,
				46E5C0A11CF9A7AD002A7887 /* SocketStringReader.swift in Sources */,
				99BC91A01D03D51A00E56FC5 /* ViewController.m in Sources */,
				46E5C06E1CF9A7AD002A7887 /* ChatData.xcdatamodeld in Sources */,
				46E5C09C1CF9A7AD002A7887 /* SocketIOClientOption.swift in Sources */,
				99BC91C61D03D62000E56FC5 /* GameObject.m in Sources */,
				99BC91A61D03D56B00E56FC5 /* Player.m in Sources */,
				99BC91C71D03D62000E56FC5 /* Map.m in Sources */,
				99BC91B71D03D5D000E56FC5 /* Advisor.m in Sources */,
				46E5C0A21CF9A7AD002A7887 /* SocketTypes.swift in Sources */,
				99BC91BA1D03D5D000E56FC5 /* Elephant.m in Sources */,
				46E5C0731CF9A7AD002A7887 /* DataManager.m in Sources */,
				46E5C06F1CF9A7AD002A7887 /* ChatRoomViewController.m in Sources */,
			);
			runOnlyForDeploymentPostprocessing = 0;
		};
/* End PBXSourcesBuildPhase section */

/* Begin PBXVariantGroup section */
		46E5C01B1CF9A796002A7887 /* LaunchScreen.storyboard */ = {
			isa = PBXVariantGroup;
			children = (
				46E5C01C1CF9A796002A7887 /* Base */,
			);
			name = LaunchScreen.storyboard;
			sourceTree = "<group>";
		};
		99BC919B1D03D4D800E56FC5 /* Main.storyboard */ = {
			isa = PBXVariantGroup;
			children = (
				99BC919C1D03D4D800E56FC5 /* Base */,
			);
			name = Main.storyboard;
			sourceTree = "<group>";
		};
/* End PBXVariantGroup section */

/* Begin XCBuildConfiguration section */
		46E5C01F1CF9A796002A7887 /* Debug */ = {
			isa = XCBuildConfiguration;
			buildSettings = {
				ALWAYS_SEARCH_USER_PATHS = NO;
				CLANG_ANALYZER_NONNULL = YES;
				CLANG_CXX_LANGUAGE_STANDARD = "gnu++0x";
				CLANG_CXX_LIBRARY = "libc++";
				CLANG_ENABLE_MODULES = YES;
				CLANG_ENABLE_OBJC_ARC = YES;
				CLANG_WARN_BOOL_CONVERSION = YES;
				CLANG_WARN_CONSTANT_CONVERSION = YES;
				CLANG_WARN_DIRECT_OBJC_ISA_USAGE = YES_ERROR;
				CLANG_WARN_EMPTY_BODY = YES;
				CLANG_WARN_ENUM_CONVERSION = YES;
				CLANG_WARN_INT_CONVERSION = YES;
				CLANG_WARN_OBJC_ROOT_CLASS = YES_ERROR;
				CLANG_WARN_UNREACHABLE_CODE = YES;
				CLANG_WARN__DUPLICATE_METHOD_MATCH = YES;
				"CODE_SIGN_IDENTITY[sdk=iphoneos*]" = "iPhone Developer";
				COPY_PHASE_STRIP = NO;
				DEBUG_INFORMATION_FORMAT = dwarf;
				ENABLE_STRICT_OBJC_MSGSEND = YES;
				ENABLE_TESTABILITY = YES;
				GCC_C_LANGUAGE_STANDARD = gnu99;
				GCC_DYNAMIC_NO_PIC = NO;
				GCC_NO_COMMON_BLOCKS = YES;
				GCC_OPTIMIZATION_LEVEL = 0;
				GCC_PREPROCESSOR_DEFINITIONS = (
					"DEBUG=1",
					"$(inherited)",
				);
				GCC_WARN_64_TO_32_BIT_CONVERSION = YES;
				GCC_WARN_ABOUT_RETURN_TYPE = YES_ERROR;
				GCC_WARN_UNDECLARED_SELECTOR = YES;
				GCC_WARN_UNINITIALIZED_AUTOS = YES_AGGRESSIVE;
				GCC_WARN_UNUSED_FUNCTION = YES;
				GCC_WARN_UNUSED_VARIABLE = YES;
				IPHONEOS_DEPLOYMENT_TARGET = 9.3;
				MTL_ENABLE_DEBUG_INFO = YES;
				ONLY_ACTIVE_ARCH = YES;
				SDKROOT = iphoneos;
				TARGETED_DEVICE_FAMILY = "1,2";
			};
			name = Debug;
		};
		46E5C0201CF9A796002A7887 /* Release */ = {
			isa = XCBuildConfiguration;
			buildSettings = {
				ALWAYS_SEARCH_USER_PATHS = NO;
				CLANG_ANALYZER_NONNULL = YES;
				CLANG_CXX_LANGUAGE_STANDARD = "gnu++0x";
				CLANG_CXX_LIBRARY = "libc++";
				CLANG_ENABLE_MODULES = YES;
				CLANG_ENABLE_OBJC_ARC = YES;
				CLANG_WARN_BOOL_CONVERSION = YES;
				CLANG_WARN_CONSTANT_CONVERSION = YES;
				CLANG_WARN_DIRECT_OBJC_ISA_USAGE = YES_ERROR;
				CLANG_WARN_EMPTY_BODY = YES;
				CLANG_WARN_ENUM_CONVERSION = YES;
				CLANG_WARN_INT_CONVERSION = YES;
				CLANG_WARN_OBJC_ROOT_CLASS = YES_ERROR;
				CLANG_WARN_UNREACHABLE_CODE = YES;
				CLANG_WARN__DUPLICATE_METHOD_MATCH = YES;
				"CODE_SIGN_IDENTITY[sdk=iphoneos*]" = "iPhone Developer";
				COPY_PHASE_STRIP = NO;
				DEBUG_INFORMATION_FORMAT = "dwarf-with-dsym";
				ENABLE_NS_ASSERTIONS = NO;
				ENABLE_STRICT_OBJC_MSGSEND = YES;
				GCC_C_LANGUAGE_STANDARD = gnu99;
				GCC_NO_COMMON_BLOCKS = YES;
				GCC_WARN_64_TO_32_BIT_CONVERSION = YES;
				GCC_WARN_ABOUT_RETURN_TYPE = YES_ERROR;
				GCC_WARN_UNDECLARED_SELECTOR = YES;
				GCC_WARN_UNINITIALIZED_AUTOS = YES_AGGRESSIVE;
				GCC_WARN_UNUSED_FUNCTION = YES;
				GCC_WARN_UNUSED_VARIABLE = YES;
				IPHONEOS_DEPLOYMENT_TARGET = 9.3;
				MTL_ENABLE_DEBUG_INFO = NO;
				SDKROOT = iphoneos;
				TARGETED_DEVICE_FAMILY = "1,2";
				VALIDATE_PRODUCT = YES;
			};
			name = Release;
		};
		46E5C0221CF9A796002A7887 /* Debug */ = {
			isa = XCBuildConfiguration;
			buildSettings = {
				ASSETCATALOG_COMPILER_APPICON_NAME = AppIcon;
				CODE_SIGN_IDENTITY = "iPhone Developer";
				"CODE_SIGN_IDENTITY[sdk=iphoneos*]" = "iPhone Developer";
				INFOPLIST_FILE = Techkid_Chess/Info.plist;
				IPHONEOS_DEPLOYMENT_TARGET = 8.0;
				LD_RUNPATH_SEARCH_PATHS = "$(inherited) @executable_path/Frameworks";
				PRODUCT_BUNDLE_IDENTIFIER = vu.com;
				PRODUCT_NAME = "$(TARGET_NAME)";
				PROVISIONING_PROFILE = "";
			};
			name = Debug;
		};
		46E5C0231CF9A796002A7887 /* Release */ = {
			isa = XCBuildConfiguration;
			buildSettings = {
				ASSETCATALOG_COMPILER_APPICON_NAME = AppIcon;
				CODE_SIGN_IDENTITY = "iPhone Developer";
				"CODE_SIGN_IDENTITY[sdk=iphoneos*]" = "iPhone Developer";
				INFOPLIST_FILE = Techkid_Chess/Info.plist;
				IPHONEOS_DEPLOYMENT_TARGET = 8.0;
				LD_RUNPATH_SEARCH_PATHS = "$(inherited) @executable_path/Frameworks";
				PRODUCT_BUNDLE_IDENTIFIER = vu.com;
				PRODUCT_NAME = "$(TARGET_NAME)";
				PROVISIONING_PROFILE = "";
			};
			name = Release;
		};
/* End XCBuildConfiguration section */

/* Begin XCConfigurationList section */
		46E5C0051CF9A796002A7887 /* Build configuration list for PBXProject "Techkid_Chess" */ = {
			isa = XCConfigurationList;
			buildConfigurations = (
				46E5C01F1CF9A796002A7887 /* Debug */,
				46E5C0201CF9A796002A7887 /* Release */,
			);
			defaultConfigurationIsVisible = 0;
			defaultConfigurationName = Release;
		};
		46E5C0211CF9A796002A7887 /* Build configuration list for PBXNativeTarget "Techkid_Chess" */ = {
			isa = XCConfigurationList;
			buildConfigurations = (
				46E5C0221CF9A796002A7887 /* Debug */,
				46E5C0231CF9A796002A7887 /* Release */,
			);
			defaultConfigurationIsVisible = 0;
			defaultConfigurationName = Release;
		};
/* End XCConfigurationList section */

/* Begin XCVersionGroup section */
		46E5C0251CF9A7AD002A7887 /* ChatData.xcdatamodeld */ = {
			isa = XCVersionGroup;
			children = (
				46E5C0261CF9A7AD002A7887 /* ChatData.xcdatamodel */,
			);
			currentVersion = 46E5C0261CF9A7AD002A7887 /* ChatData.xcdatamodel */;
			path = ChatData.xcdatamodeld;
			sourceTree = "<group>";
			versionGroupType = wrapper.xcdatamodel;
		};
/* End XCVersionGroup section */
	};
	rootObject = 46E5C0021CF9A796002A7887 /* Project object */;
}
